
Microsoft Visual Studio Solution File, Format Version 12.00
# Visual Studio Version 17
VisualStudioVersion = 17.13.35818.85 d17.13
MinimumVisualStudioVersion = 10.0.40219.1
Project("{FAE04EC0-301F-11D3-BF4B-00C04F79EFBC}") = "CvProjectMVC", "CvProjectMVC\CvProjectMVC.csproj", "{247E84D2-C4B0-4DC8-9E18-31F70F731DA1}"
EndProject
Global
	GlobalSection(SolutionConfigurationPlatforms) = preSolution
		Debug|Any CPU = Debug|Any CPU
		Release|Any CPU = Release|Any CPU
	EndGlobalSection
	GlobalSection(ProjectConfigurationPlatforms) = postSolution
		{247E84D2-C4B0-4DC8-9E18-31F70F731DA1}.Debug|Any CPU.ActiveCfg = Debug|Any CPU
		{247E84D2-C4B0-4DC8-9E18-31F70F731DA1}.Debug|Any CPU.Build.0 = Debug|Any CPU
		{247E84D2-C4B0-4DC8-9E18-31F70F731DA1}.Release|Any CPU.ActiveCfg = Release|Any CPU
		{247E84D2-C4B0-4DC8-9E18-31F70F731DA1}.Release|Any CPU.Build.0 = Release|Any CPU
	EndGlobalSection
	GlobalSection(SolutionProperties) = preSolution
		HideSolutionNode = FALSE
	EndGlobalSection
	GlobalSection(ExtensibilityGlobals) = postSolution
		SolutionGuid = {CFF1C6DB-2803-44C6-ABF6-5D6F0723194B}
	EndGlobalSection
EndGlobal
